
Microsoft Visual Studio Solution File, Format Version 12.00
# Visual Studio 2012
Project("{FAE04EC0-301F-11D3-BF4B-00C04F79EFBC}") = "YamSharp", "YamSharp\YamSharp.csproj", "{28BDB2CB-8EBD-4FA7-9A64-B4D06B809B8C}"
EndProject
Project("{FAE04EC0-301F-11D3-BF4B-00C04F79EFBC}") = "YamSharp.Tests", "YamSharp.Tests\YamSharp.Tests.csproj", "{EBB57C4B-0AEF-4741-85E2-7BF2D9EEC2C0}"
EndProject
Project("{FAE04EC0-301F-11D3-BF4B-00C04F79EFBC}") = "YamSharpTester", "YamSharpTester\YamSharpTester.csproj", "{6A2959C6-2F4F-41EC-B369-C9612AF65213}"
EndProject
Global
	GlobalSection(SolutionConfigurationPlatforms) = preSolution
		Debug|Any CPU = Debug|Any CPU
		Release|Any CPU = Release|Any CPU
	EndGlobalSection
	GlobalSection(ProjectConfigurationPlatforms) = postSolution
		{28BDB2CB-8EBD-4FA7-9A64-B4D06B809B8C}.Debug|Any CPU.ActiveCfg = Debug|Any CPU
		{28BDB2CB-8EBD-4FA7-9A64-B4D06B809B8C}.Debug|Any CPU.Build.0 = Debug|Any CPU
		{28BDB2CB-8EBD-4FA7-9A64-B4D06B809B8C}.Release|Any CPU.ActiveCfg = Release|Any CPU
		{28BDB2CB-8EBD-4FA7-9A64-B4D06B809B8C}.Release|Any CPU.Build.0 = Release|Any CPU
		{EBB57C4B-0AEF-4741-85E2-7BF2D9EEC2C0}.Debug|Any CPU.ActiveCfg = Debug|Any CPU
		{EBB57C4B-0AEF-4741-85E2-7BF2D9EEC2C0}.Debug|Any CPU.Build.0 = Debug|Any CPU
		{EBB57C4B-0AEF-4741-85E2-7BF2D9EEC2C0}.Release|Any CPU.ActiveCfg = Release|Any CPU
		{EBB57C4B-0AEF-4741-85E2-7BF2D9EEC2C0}.Release|Any CPU.Build.0 = Release|Any CPU
		{6A2959C6-2F4F-41EC-B369-C9612AF65213}.Debug|Any CPU.ActiveCfg = Debug|Any CPU
		{6A2959C6-2F4F-41EC-B369-C9612AF65213}.Debug|Any CPU.Build.0 = Debug|Any CPU
		{6A2959C6-2F4F-41EC-B369-C9612AF65213}.Release|Any CPU.ActiveCfg = Release|Any CPU
		{6A2959C6-2F4F-41EC-B369-C9612AF65213}.Release|Any CPU.Build.0 = Release|Any CPU
	EndGlobalSection
	GlobalSection(SolutionProperties) = preSolution
		HideSolutionNode = FALSE
	EndGlobalSection
EndGlobal
